// !$*UTF8*$!
{
	archiveVersion = 1;
	classes = {
	};
	objectVersion = 46;
	objects = {

/* Begin PBXBuildFile section */
		561E15E01AF2E7960053B4D0 /* AppDelegate.swift in Sources */ = {isa = PBXBuildFile; fileRef = 561E15DF1AF2E7960053B4D0 /* AppDelegate.swift */; };
		561E15E21AF2E7960053B4D0 /* ViewController.swift in Sources */ = {isa = PBXBuildFile; fileRef = 561E15E11AF2E7960053B4D0 /* ViewController.swift */; };
		561E15E51AF2E7960053B4D0 /* Main.storyboard in Resources */ = {isa = PBXBuildFile; fileRef = 561E15E31AF2E7960053B4D0 /* Main.storyboard */; };
		561E15E71AF2E7960053B4D0 /* Images.xcassets in Resources */ = {isa = PBXBuildFile; fileRef = 561E15E61AF2E7960053B4D0 /* Images.xcassets */; };
		561E15EA1AF2E7960053B4D0 /* LaunchScreen.xib in Resources */ = {isa = PBXBuildFile; fileRef = 561E15E81AF2E7960053B4D0 /* LaunchScreen.xib */; };
		561E15F61AF2E7970053B4D0 /* ImageOverlayTests.swift in Sources */ = {isa = PBXBuildFile; fileRef = 561E15F51AF2E7970053B4D0 /* ImageOverlayTests.swift */; };
		561E16001AF2E7FA0053B4D0 /* girls.jpg in Resources */ = {isa = PBXBuildFile; fileRef = 561E15FF1AF2E7FA0053B4D0 /* girls.jpg */; };
		561E16041AF2E80E0053B4D0 /* rectangular_spotlight.png in Resources */ = {isa = PBXBuildFile; fileRef = 561E16031AF2E80E0053B4D0 /* rectangular_spotlight.png */; };
		566C75011B017E8100C41E4B /* round_spotlight.png in Resources */ = {isa = PBXBuildFile; fileRef = 566C75001B017E8100C41E4B /* round_spotlight.png */; };
/* End PBXBuildFile section */

/* Begin PBXContainerItemProxy section */
		561E15F01AF2E7970053B4D0 /* PBXContainerItemProxy */ = {
			isa = PBXContainerItemProxy;
			containerPortal = 561E15D21AF2E7960053B4D0 /* Project object */;
			proxyType = 1;
			remoteGlobalIDString = 561E15D91AF2E7960053B4D0;
			remoteInfo = ImageOverlay;
		};
/* End PBXContainerItemProxy section */

/* Begin PBXFileReference section */
		561E15DA1AF2E7960053B4D0 /* ImageOverlay.app */ = {isa = PBXFileReference; explicitFileType = wrapper.application; includeInIndex = 0; path = ImageOverlay.app; sourceTree = BUILT_PRODUCTS_DIR; };
		561E15DE1AF2E7960053B4D0 /* Info.plist */ = {isa = PBXFileReference; lastKnownFileType = text.plist.xml; path = Info.plist; sourceTree = "<group>"; };
		561E15DF1AF2E7960053B4D0 /* AppDelegate.swift */ = {isa = PBXFileReference; lastKnownFileType = sourcecode.swift; path = AppDelegate.swift; sourceTree = "<group>"; };
		561E15E11AF2E7960053B4D0 /* ViewController.swift */ = {isa = PBXFileReference; lastKnownFileType = sourcecode.swift; path = ViewController.swift; sourceTree = "<group>"; };
		561E15E41AF2E7960053B4D0 /* Base */ = {isa = PBXFileReference; lastKnownFileType = file.storyboard; name = Base; path = Base.lproj/Main.storyboard; sourceTree = "<group>"; };
		561E15E61AF2E7960053B4D0 /* Images.xcassets */ = {isa = PBXFileReference; lastKnownFileType = folder.assetcatalog; path = Images.xcassets; sourceTree = "<group>"; };
		561E15E91AF2E7960053B4D0 /* Base */ = {isa = PBXFileReference; lastKnownFileType = file.xib; name = Base; path = Base.lproj/LaunchScreen.xib; sourceTree = "<group>"; };
		561E15EF1AF2E7970053B4D0 /* ImageOverlayTests.xctest */ = {isa = PBXFileReference; explicitFileType = wrapper.cfbundle; includeInIndex = 0; path = ImageOverlayTests.xctest; sourceTree = BUILT_PRODUCTS_DIR; };
		561E15F41AF2E7970053B4D0 /* Info.plist */ = {isa = PBXFileReference; lastKnownFileType = text.plist.xml; path = Info.plist; sourceTree = "<group>"; };
		561E15F51AF2E7970053B4D0 /* ImageOverlayTests.swift */ = {isa = PBXFileReference; lastKnownFileType = sourcecode.swift; path = ImageOverlayTests.swift; sourceTree = "<group>"; };
		561E15FF1AF2E7FA0053B4D0 /* girls.jpg */ = {isa = PBXFileReference; lastKnownFileType = image.jpeg; path = girls.jpg; sourceTree = "<group>"; };
		561E16031AF2E80E0053B4D0 /* rectangular_spotlight.png */ = {isa = PBXFileReference; lastKnownFileType = image.png; path = rectangular_spotlight.png; sourceTree = "<group>"; };
		566C75001B017E8100C41E4B /* round_spotlight.png */ = {isa = PBXFileReference; lastKnownFileType = image.png; path = round_spotlight.png; sourceTree = "<group>"; };
/* End PBXFileReference section */

/* Begin PBXFrameworksBuildPhase section */
		561E15D71AF2E7960053B4D0 /* Frameworks */ = {
			isa = PBXFrameworksBuildPhase;
			buildActionMask = 2147483647;
			files = (
			);
			runOnlyForDeploymentPostprocessing = 0;
		};
		561E15EC1AF2E7970053B4D0 /* Frameworks */ = {
			isa = PBXFrameworksBuildPhase;
			buildActionMask = 2147483647;
			files = (
			);
			runOnlyForDeploymentPostprocessing = 0;
		};
/* End PBXFrameworksBuildPhase section */

/* Begin PBXGroup section */
		561E15D11AF2E7960053B4D0 = {
			isa = PBXGroup;
			children = (
				561E15DC1AF2E7960053B4D0 /* ImageOverlay */,
				561E15F21AF2E7970053B4D0 /* ImageOverlayTests */,
				561E15DB1AF2E7960053B4D0 /* Products */,
			);
			sourceTree = "<group>";
		};
		561E15DB1AF2E7960053B4D0 /* Products */ = {
			isa = PBXGroup;
			children = (
				561E15DA1AF2E7960053B4D0 /* ImageOverlay.app */,
				561E15EF1AF2E7970053B4D0 /* ImageOverlayTests.xctest */,
			);
			name = Products;
			sourceTree = "<group>";
		};
		561E15DC1AF2E7960053B4D0 /* ImageOverlay */ = {
			isa = PBXGroup;
			children = (
				561E15DF1AF2E7960053B4D0 /* AppDelegate.swift */,
				561E15FF1AF2E7FA0053B4D0 /* girls.jpg */,
				561E16031AF2E80E0053B4D0 /* rectangular_spotlight.png */,
				566C75001B017E8100C41E4B /* round_spotlight.png */,
				561E15E11AF2E7960053B4D0 /* ViewController.swift */,
				561E15E31AF2E7960053B4D0 /* Main.storyboard */,
				561E15E61AF2E7960053B4D0 /* Images.xcassets */,
				561E15E81AF2E7960053B4D0 /* LaunchScreen.xib */,
				561E15DD1AF2E7960053B4D0 /* Supporting Files */,
			);
			path = ImageOverlay;
			sourceTree = "<group>";
		};
		561E15DD1AF2E7960053B4D0 /* Supporting Files */ = {
			isa = PBXGroup;
			children = (
				561E15DE1AF2E7960053B4D0 /* Info.plist */,
			);
			name = "Supporting Files";
			sourceTree = "<group>";
		};
		561E15F21AF2E7970053B4D0 /* ImageOverlayTests */ = {
			isa = PBXGroup;
			children = (
				561E15F51AF2E7970053B4D0 /* ImageOverlayTests.swift */,
				561E15F31AF2E7970053B4D0 /* Supporting Files */,
			);
			path = ImageOverlayTests;
			sourceTree = "<group>";
		};
		561E15F31AF2E7970053B4D0 /* Supporting Files */ = {
			isa = PBXGroup;
			children = (
				561E15F41AF2E7970053B4D0 /* Info.plist */,
			);
			name = "Supporting Files";
			sourceTree = "<group>";
		};
/* End PBXGroup section */

/* Begin PBXNativeTarget section */
		561E15D91AF2E7960053B4D0 /* ImageOverlay */ = {
			isa = PBXNativeTarget;
			buildConfigurationList = 561E15F91AF2E7970053B4D0 /* Build configuration list for PBXNativeTarget "ImageOverlay" */;
			buildPhases = (
				561E15D61AF2E7960053B4D0 /* Sources */,
				561E15D71AF2E7960053B4D0 /* Frameworks */,
				561E15D81AF2E7960053B4D0 /* Resources */,
			);
			buildRules = (
			);
			dependencies = (
			);
			name = ImageOverlay;
			productName = ImageOverlay;
			productReference = 561E15DA1AF2E7960053B4D0 /* ImageOverlay.app */;
			productType = "com.apple.product-type.application";
		};
		561E15EE1AF2E7970053B4D0 /* ImageOverlayTests */ = {
			isa = PBXNativeTarget;
			buildConfigurationList = 561E15FC1AF2E7970053B4D0 /* Build configuration list for PBXNativeTarget "ImageOverlayTests" */;
			buildPhases = (
				561E15EB1AF2E7970053B4D0 /* Sources */,
				561E15EC1AF2E7970053B4D0 /* Frameworks */,
				561E15ED1AF2E7970053B4D0 /* Resources */,
			);
			buildRules = (
			);
			dependencies = (
				561E15F11AF2E7970053B4D0 /* PBXTargetDependency */,
			);
			name = ImageOverlayTests;
			productName = ImageOverlayTests;
			productReference = 561E15EF1AF2E7970053B4D0 /* ImageOverlayTests.xctest */;
			productType = "com.apple.product-type.bundle.unit-test";
		};
/* End PBXNativeTarget section */

/* Begin PBXProject section */
		561E15D21AF2E7960053B4D0 /* Project object */ = {
			isa = PBXProject;
			attributes = {
				LastUpgradeCheck = 0630;
				ORGANIZATIONNAME = "Benjamin Kim";
				TargetAttributes = {
					561E15D91AF2E7960053B4D0 = {
						CreatedOnToolsVersion = 6.3;
					};
					561E15EE1AF2E7970053B4D0 = {
						CreatedOnToolsVersion = 6.3;
						TestTargetID = 561E15D91AF2E7960053B4D0;
					};
				};
			};
			buildConfigurationList = 561E15D51AF2E7960053B4D0 /* Build configuration list for PBXProject "ImageOverlay" */;
			compatibilityVersion = "Xcode 3.2";
			developmentRegion = English;
			hasScannedForEncodings = 0;
			knownRegions = (
				en,
				Base,
			);
			mainGroup = 561E15D11AF2E7960053B4D0;
			productRefGroup = 561E15DB1AF2E7960053B4D0 /* Products */;
			projectDirPath = "";
			projectRoot = "";
			targets = (
				561E15D91AF2E7960053B4D0 /* ImageOverlay */,
				561E15EE1AF2E7970053B4D0 /* ImageOverlayTests */,
			);
		};
/* End PBXProject section */

/* Begin PBXResourcesBuildPhase section */
		561E15D81AF2E7960053B4D0 /* Resources */ = {
			isa = PBXResourcesBuildPhase;
			buildActionMask = 2147483647;
			files = (
				561E15E51AF2E7960053B4D0 /* Main.storyboard in Resources */,
				561E16001AF2E7FA0053B4D0 /* girls.jpg in Resources */,
				561E16041AF2E80E0053B4D0 /* rectangular_spotlight.png in Resources */,
				566C75011B017E8100C41E4B /* round_spotlight.png in Resources */,
				561E15EA1AF2E7960053B4D0 /* LaunchScreen.xib in Resources */,
				561E15E71AF2E7960053B4D0 /* Images.xcassets in Resources */,
			);
			runOnlyForDeploymentPostprocessing = 0;
		};
		561E15ED1AF2E7970053B4D0 /* Resources */ = {
			isa = PBXResourcesBuildPhase;
			buildActionMask = 2147483647;
			files = (
			);
			runOnlyForDeploymentPostprocessing = 0;
		};
/* End PBXResourcesBuildPhase section */

/* Begin PBXSourcesBuildPhase section */
		561E15D61AF2E7960053B4D0 /* Sources */ = {
			isa = PBXSourcesBuildPhase;
			buildActionMask = 2147483647;
			files = (
				561E15E21AF2E7960053B4D0 /* ViewController.swift in Sources */,
				561E15E01AF2E7960053B4D0 /* AppDelegate.swift in Sources */,
			);
			runOnlyForDeploymentPostprocessing = 0;
		};
		561E15EB1AF2E7970053B4D0 /* Sources */ = {
			isa = PBXSourcesBuildPhase;
			buildActionMask = 2147483647;
			files = (
				561E15F61AF2E7970053B4D0 /* ImageOverlayTests.swift in Sources */,
			);
			runOnlyForDeploymentPostprocessing = 0;
		};
/* End PBXSourcesBuildPhase section */

/* Begin PBXTargetDependency section */
		561E15F11AF2E7970053B4D0 /* PBXTargetDependency */ = {
			isa = PBXTargetDependency;
			target = 561E15D91AF2E7960053B4D0 /* ImageOverlay */;
			targetProxy = 561E15F01AF2E7970053B4D0 /* PBXContainerItemProxy */;
		};
/* End PBXTargetDependency section */

/* Begin PBXVariantGroup section */
		561E15E31AF2E7960053B4D0 /* Main.storyboard */ = {
			isa = PBXVariantGroup;
			children = (
				561E15E41AF2E7960053B4D0 /* Base */,
			);
			name = Main.storyboard;
			sourceTree = "<group>";
		};
		561E15E81AF2E7960053B4D0 /* LaunchScreen.xib */ = {
			isa = PBXVariantGroup;
			children = (
				561E15E91AF2E7960053B4D0 /* Base */,
			);
			name = LaunchScreen.xib;
			sourceTree = "<group>";
		};
/* End PBXVariantGroup section */

/* Begin XCBuildConfiguration section */
		561E15F71AF2E7970053B4D0 /* Debug */ = {
			isa = XCBuildConfiguration;
			buildSettings = {
				ALWAYS_SEARCH_USER_PATHS = NO;
				CLANG_CXX_LANGUAGE_STANDARD = "gnu++0x";
				CLANG_CXX_LIBRARY = "libc++";
				CLANG_ENABLE_MODULES = YES;
				CLANG_ENABLE_OBJC_ARC = YES;
				CLANG_WARN_BOOL_CONVERSION = YES;
				CLANG_WARN_CONSTANT_CONVERSION = YES;
				CLANG_WARN_DIRECT_OBJC_ISA_USAGE = YES_ERROR;
				CLANG_WARN_EMPTY_BODY = YES;
				CLANG_WARN_ENUM_CONVERSION = YES;
				CLANG_WARN_INT_CONVERSION = YES;
				CLANG_WARN_OBJC_ROOT_CLASS = YES_ERROR;
				CLANG_WARN_UNREACHABLE_CODE = YES;
				CLANG_WARN__DUPLICATE_METHOD_MATCH = YES;
				"CODE_SIGN_IDENTITY[sdk=iphoneos*]" = "iPhone Developer";
				COPY_PHASE_STRIP = NO;
				DEBUG_INFORMATION_FORMAT = "dwarf-with-dsym";
				ENABLE_STRICT_OBJC_MSGSEND = YES;
				GCC_C_LANGUAGE_STANDARD = gnu99;
				GCC_DYNAMIC_NO_PIC = NO;
				GCC_NO_COMMON_BLOCKS = YES;
				GCC_OPTIMIZATION_LEVEL = 0;
				GCC_PREPROCESSOR_DEFINITIONS = (
					"DEBUG=1",
					"$(inherited)",
				);
				GCC_SYMBOLS_PRIVATE_EXTERN = NO;
				GCC_WARN_64_TO_32_BIT_CONVERSION = YES;
				GCC_WARN_ABOUT_RETURN_TYPE = YES_ERROR;
				GCC_WARN_UNDECLARED_SELECTOR = YES;
				GCC_WARN_UNINITIALIZED_AUTOS = YES_AGGRESSIVE;
				GCC_WARN_UNUSED_FUNCTION = YES;
				GCC_WARN_UNUSED_VARIABLE = YES;
				IPHONEOS_DEPLOYMENT_TARGET = 8.3;
				MTL_ENABLE_DEBUG_INFO = YES;
				ONLY_ACTIVE_ARCH = YES;
				SDKROOT = iphoneos;
				SWIFT_OPTIMIZATION_LEVEL = "-Onone";
				TARGETED_DEVICE_FAMILY = "1,2";
			};
			name = Debug;
		};
		561E15F81AF2E7970053B4D0 /* Release */ = {
			isa = XCBuildConfiguration;
			buildSettings = {
				ALWAYS_SEARCH_USER_PATHS = NO;
				CLANG_CXX_LANGUAGE_STANDARD = "gnu++0x";
				CLANG_CXX_LIBRARY = "libc++";
				CLANG_ENABLE_MODULES = YES;
				CLANG_ENABLE_OBJC_ARC = YES;
				CLANG_WARN_BOOL_CONVERSION = YES;
				CLANG_WARN_CONSTANT_CONVERSION = YES;
				CLANG_WARN_DIRECT_OBJC_ISA_USAGE = YES_ERROR;
				CLANG_WARN_EMPTY_BODY = YES;
				CLANG_WARN_ENUM_CONVERSION = YES;
				CLANG_WARN_INT_CONVERSION = YES;
				CLANG_WARN_OBJC_ROOT_CLASS = YES_ERROR;
				CLANG_WARN_UNREACHABLE_CODE = YES;
				CLANG_WARN__DUPLICATE_METHOD_MATCH = YES;
				"CODE_SIGN_IDENTITY[sdk=iphoneos*]" = "iPhone Developer";
				COPY_PHASE_STRIP = NO;
				DEBUG_INFORMATION_FORMAT = "dwarf-with-dsym";
				ENABLE_NS_ASSERTIONS = NO;
				ENABLE_STRICT_OBJC_MSGSEND = YES;
				GCC_C_LANGUAGE_STANDARD = gnu99;
				GCC_NO_COMMON_BLOCKS = YES;
				GCC_WARN_64_TO_32_BIT_CONVERSION = YES;
				GCC_WARN_ABOUT_RETURN_TYPE = YES_ERROR;
				GCC_WARN_UNDECLARED_SELECTOR = YES;
				GCC_WARN_UNINITIALIZED_AUTOS = YES_AGGRESSIVE;
				GCC_WARN_UNUSED_FUNCTION = YES;
				GCC_WARN_UNUSED_VARIABLE = YES;
				IPHONEOS_DEPLOYMENT_TARGET = 8.3;
				MTL_ENABLE_DEBUG_INFO = NO;
				SDKROOT = iphoneos;
				TARGETED_DEVICE_FAMILY = "1,2";
				VALIDATE_PRODUCT = YES;
			};
			name = Release;
		};
		561E15FA1AF2E7970053B4D0 /* Debug */ = {
			isa = XCBuildConfiguration;
			buildSettings = {
				ASSETCATALOG_COMPILER_APPICON_NAME = AppIcon;
				INFOPLIST_FILE = ImageOverlay/Info.plist;
				LD_RUNPATH_SEARCH_PATHS = "$(inherited) @executable_path/Frameworks";
				PRODUCT_NAME = "$(TARGET_NAME)";
			};
			name = Debug;
		};
		561E15FB1AF2E7970053B4D0 /* Release */ = {
			isa = XCBuildConfiguration;
			buildSettings = {
				ASSETCATALOG_COMPILER_APPICON_NAME = AppIcon;
				INFOPLIST_FILE = ImageOverlay/Info.plist;
				LD_RUNPATH_SEARCH_PATHS = "$(inherited) @executable_path/Frameworks";
				PRODUCT_NAME = "$(TARGET_NAME)";
			};
			name = Release;
		};
		561E15FD1AF2E7970053B4D0 /* Debug */ = {
			isa = XCBuildConfiguration;
			buildSettings = {
				BUNDLE_LOADER = "$(TEST_HOST)";
				FRAMEWORK_SEARCH_PATHS = (
					"$(SDKROOT)/Developer/Library/Frameworks",
					"$(inherited)",
				);
				GCC_PREPROCESSOR_DEFINITIONS = (
					"DEBUG=1",
					"$(inherited)",
				);
				INFOPLIST_FILE = ImageOverlayTests/Info.plist;
				LD_RUNPATH_SEARCH_PATHS = "$(inherited) @executable_path/Frameworks @loader_path/Frameworks";
				PRODUCT_NAME = "$(TARGET_NAME)";
				TEST_HOST = "$(BUILT_PRODUCTS_DIR)/ImageOverlay.app/ImageOverlay";
			};
			name = Debug;
		};
		561E15FE1AF2E7970053B4D0 /* Release */ = {
			isa = XCBuildConfiguration;
			buildSettings = {
				BUNDLE_LOADER = "$(TEST_HOST)";
				FRAMEWORK_SEARCH_PATHS = (
					"$(SDKROOT)/Developer/Library/Frameworks",
					"$(inherited)",
				);
				INFOPLIST_FILE = ImageOverlayTests/Info.plist;
				LD_RUNPATH_SEARCH_PATHS = "$(inherited) @executable_path/Frameworks @loader_path/Frameworks";
				PRODUCT_NAME = "$(TARGET_NAME)";
				TEST_HOST = "$(BUILT_PRODUCTS_DIR)/ImageOverlay.app/ImageOverlay";
			};
			name = Release;
		};
/* End XCBuildConfiguration section */

/* Begin XCConfigurationList section */
		561E15D51AF2E7960053B4D0 /* Build configuration list for PBXProject "ImageOverlay" */ = {
			isa = XCConfigurationList;
			buildConfigurations = (
				561E15F71AF2E7970053B4D0 /* Debug */,
				561E15F81AF2E7970053B4D0 /* Release */,
			);
			defaultConfigurationIsVisible = 0;
			defaultConfigurationName = Release;
		};
		561E15F91AF2E7970053B4D0 /* Build configuration list for PBXNativeTarget "ImageOverlay" */ = {
			isa = XCConfigurationList;
			buildConfigurations = (
				561E15FA1AF2E7970053B4D0 /* Debug */,
				561E15FB1AF2E7970053B4D0 /* Release */,
			);
			defaultConfigurationIsVisible = 0;
			defaultConfigurationName = Release;
		};
		561E15FC1AF2E7970053B4D0 /* Build configuration list for PBXNativeTarget "ImageOverlayTests" */ = {
			isa = XCConfigurationList;
			buildConfigurations = (
				561E15FD1AF2E7970053B4D0 /* Debug */,
				561E15FE1AF2E7970053B4D0 /* Release */,
			);
			defaultConfigurationIsVisible = 0;
			defaultConfigurationName = Release;
		};
/* End XCConfigurationList section */
	};
	rootObject = 561E15D21AF2E7960053B4D0 /* Project object */;
}
